
Microsoft Visual Studio Solution File, Format Version 12.00
# Visual Studio 15
VisualStudioVersion = 15.0.27428.2015
MinimumVisualStudioVersion = 10.0.40219.1
Project("{FAE04EC0-301F-11D3-BF4B-00C04F79EFBC}") = "ControlPlantaUniversal", "ControlPlantaUniversal\ControlPlantaUniversal.csproj", "{982AF582-7991-4AAA-BB17-887447408899}"
EndProject
Global
	GlobalSection(SolutionConfigurationPlatforms) = preSolution
		Debug|ARM = Debug|ARM
		Debug|x64 = Debug|x64
		Debug|x86 = Debug|x86
		Release|ARM = Release|ARM
		Release|x64 = Release|x64
		Release|x86 = Release|x86
	EndGlobalSection
	GlobalSection(ProjectConfigurationPlatforms) = postSolution
		{982AF582-7991-4AAA-BB17-887447408899}.Debug|ARM.ActiveCfg = Debug|ARM
		{982AF582-7991-4AAA-BB17-887447408899}.Debug|ARM.Build.0 = Debug|ARM
		{982AF582-7991-4AAA-BB17-887447408899}.Debug|ARM.Deploy.0 = Debug|ARM
		{982AF582-7991-4AAA-BB17-887447408899}.Debug|x64.ActiveCfg = Debug|x64
		{982AF582-7991-4AAA-BB17-887447408899}.Debug|x64.Build.0 = Debug|x64
		{982AF582-7991-4AAA-BB17-887447408899}.Debug|x64.Deploy.0 = Debug|x64
		{982AF582-7991-4AAA-BB17-887447408899}.Debug|x86.ActiveCfg = Debug|x86
		{982AF582-7991-4AAA-BB17-887447408899}.Debug|x86.Build.0 = Debug|x86
		{982AF582-7991-4AAA-BB17-887447408899}.Debug|x86.Deploy.0 = Debug|x86
		{982AF582-7991-4AAA-BB17-887447408899}.Release|ARM.ActiveCfg = Release|ARM
		{982AF582-7991-4AAA-BB17-887447408899}.Release|ARM.Build.0 = Release|ARM
		{982AF582-7991-4AAA-BB17-887447408899}.Release|ARM.Deploy.0 = Release|ARM
		{982AF582-7991-4AAA-BB17-887447408899}.Release|x64.ActiveCfg = Release|x64
		{982AF582-7991-4AAA-BB17-887447408899}.Release|x64.Build.0 = Release|x64
		{982AF582-7991-4AAA-BB17-887447408899}.Release|x64.Deploy.0 = Release|x64
		{982AF582-7991-4AAA-BB17-887447408899}.Release|x86.ActiveCfg = Release|x86
		{982AF582-7991-4AAA-BB17-887447408899}.Release|x86.Build.0 = Release|x86
		{982AF582-7991-4AAA-BB17-887447408899}.Release|x86.Deploy.0 = Release|x86
	EndGlobalSection
	GlobalSection(SolutionProperties) = preSolution
		HideSolutionNode = FALSE
	EndGlobalSection
	GlobalSection(ExtensibilityGlobals) = postSolution
		SolutionGuid = {4B8E971B-CF35-4D7D-9D44-E177C0E9F441}
	EndGlobalSection
EndGlobal
